
Microsoft Visual Studio Solution File, Format Version 12.00
# Visual Studio Version 17
VisualStudioVersion = 17.1.32210.238
MinimumVisualStudioVersion = 10.0.40219.1
Project("{9A19103F-16F7-4668-BE54-9A1E7A4F7556}") = "AzureFunctionAppExample", "AzureFunctionAppExample\AzureFunctionAppExample.csproj", "{931A78BC-5FBF-4E5F-BEB3-CA113CDD66A0}"
EndProject
Project("{9A19103F-16F7-4668-BE54-9A1E7A4F7556}") = "WebApplicationExample", "WebApplicationExample\WebApplicationExample.csproj", "{956F5AEE-E995-4D20-9128-3F3A1D9134D4}"
EndProject
Project("{9A19103F-16F7-4668-BE54-9A1E7A4F7556}") = "EFCoreFunctionApp", "EFCoreFunctionApp\EFCoreFunctionApp.csproj", "{568F3257-CF9C-4D26-996A-11887C9C4889}"
EndProject
Global
	GlobalSection(SolutionConfigurationPlatforms) = preSolution
		Debug|Any CPU = Debug|Any CPU
		Release|Any CPU = Release|Any CPU
	EndGlobalSection
	GlobalSection(ProjectConfigurationPlatforms) = postSolution
		{931A78BC-5FBF-4E5F-BEB3-CA113CDD66A0}.Debug|Any CPU.ActiveCfg = Debug|Any CPU
		{931A78BC-5FBF-4E5F-BEB3-CA113CDD66A0}.Debug|Any CPU.Build.0 = Debug|Any CPU
		{931A78BC-5FBF-4E5F-BEB3-CA113CDD66A0}.Release|Any CPU.ActiveCfg = Release|Any CPU
		{931A78BC-5FBF-4E5F-BEB3-CA113CDD66A0}.Release|Any CPU.Build.0 = Release|Any CPU
		{956F5AEE-E995-4D20-9128-3F3A1D9134D4}.Debug|Any CPU.ActiveCfg = Debug|Any CPU
		{956F5AEE-E995-4D20-9128-3F3A1D9134D4}.Debug|Any CPU.Build.0 = Debug|Any CPU
		{956F5AEE-E995-4D20-9128-3F3A1D9134D4}.Release|Any CPU.ActiveCfg = Release|Any CPU
		{956F5AEE-E995-4D20-9128-3F3A1D9134D4}.Release|Any CPU.Build.0 = Release|Any CPU
		{568F3257-CF9C-4D26-996A-11887C9C4889}.Debug|Any CPU.ActiveCfg = Debug|Any CPU
		{568F3257-CF9C-4D26-996A-11887C9C4889}.Debug|Any CPU.Build.0 = Debug|Any CPU
		{568F3257-CF9C-4D26-996A-11887C9C4889}.Release|Any CPU.ActiveCfg = Release|Any CPU
		{568F3257-CF9C-4D26-996A-11887C9C4889}.Release|Any CPU.Build.0 = Release|Any CPU
	EndGlobalSection
	GlobalSection(SolutionProperties) = preSolution
		HideSolutionNode = FALSE
	EndGlobalSection
	GlobalSection(ExtensibilityGlobals) = postSolution
		SolutionGuid = {8776570E-C992-4337-B158-09CDC58A2F80}
	EndGlobalSection
EndGlobal
